<?xml version="1.0" encoding="utf-8"?>
<Project ToolsVersion="4.0" xmlns="http://schemas.microsoft.com/developer/msbuild/2003">
  <ItemGroup>
    <Filter Include="源文件">
      <UniqueIdentifier>{4FC737F1-C7A5-4376-A066-2A32D752A2FF}</UniqueIdentifier>
      <Extensions>cpp;c;cc;cxx;def;odl;idl;hpj;bat;asm;asmx</Extensions>
    </Filter>
    <Filter Include="头文件">
      <UniqueIdentifier>{93995380-89BD-4b04-88EB-625FBE52EBFB}</UniqueIdentifier>
      <Extensions>h;hh;hpp;hxx;hm;inl;inc;ipp;xsd</Extensions>
    </Filter>
    <Filter Include="资源文件">
      <UniqueIdentifier>{67DA6AB6-F800-4c08-8B7A-83BB121AAD01}</UniqueIdentifier>
      <Extensions>rc;ico;cur;bmp;dlg;rc2;rct;bin;rgs;gif;jpg;jpeg;jpe;resx;tiff;tif;png;wav;mfcribbon-ms</Extensions>
    </Filter>
    <Filter Include="源文件\camera">
      <UniqueIdentifier>{a3495729-f6cd-42ad-94f1-561b2023c482}</UniqueIdentifier>
    </Filter>
    <Filter Include="源文件\light">
      <UniqueIdentifier>{68f13645-8401-4e6f-ae5d-0bc9f7de72b1}</UniqueIdentifier>
    </Filter>
    <Filter Include="源文件\materials">
      <UniqueIdentifier>{d7a15174-d700-49b7-b705-0fac33c6cdcc}</UniqueIdentifier>
    </Filter>
    <Filter Include="源文件\diffuse_texture">
      <UniqueIdentifier>{7112f26e-c96a-41e6-bd12-1a8ccea9acaa}</UniqueIdentifier>
    </Filter>
    <Filter Include="源文件\1.5_worldLight">
      <UniqueIdentifier>{f44966a8-a193-4ec0-a23c-45261dfbef01}</UniqueIdentifier>
    </Filter>
  </ItemGroup>
  <ItemGroup>
    <ClInclude Include="stb_image.h">
      <Filter>头文件</Filter>
    </ClInclude>
    <ClInclude Include="Shader.h">
      <Filter>头文件</Filter>
    </ClInclude>
    <ClInclude Include="Camera.h">
      <Filter>源文件\camera</Filter>
    </ClInclude>
  </ItemGroup>
  <ItemGroup>
    <ClCompile Include="glad.c">
      <Filter>源文件</Filter>
    </ClCompile>
    <ClCompile Include="Shader.cpp">
      <Filter>源文件</Filter>
    </ClCompile>
    <ClCompile Include="Cube.cpp">
      <Filter>源文件</Filter>
    </ClCompile>
    <ClCompile Include="MultiCube.cpp">
      <Filter>源文件</Filter>
    </ClCompile>
    <ClCompile Include="ControCam.cpp">
      <Filter>源文件</Filter>
    </ClCompile>
    <ClCompile Include="light.cpp">
      <Filter>源文件\light</Filter>
    </ClCompile>
    <ClCompile Include="light_material.cpp">
      <Filter>源文件\materials</Filter>
    </ClCompile>
    <ClCompile Include="diffuse_texture.cpp">
      <Filter>源文件\diffuse_texture</Filter>
    </ClCompile>
    <ClCompile Include="WroldLight.cpp">
      <Filter>源文件\1.5_worldLight</Filter>
    </ClCompile>
  </ItemGroup>
  <ItemGroup>
    <None Include="fragment.glsl">
      <Filter>资源文件</Filter>
    </None>
    <None Include="vertex_coordinate.glsl">
      <Filter>资源文件</Filter>
    </None>
    <None Include="light_vertex.glsl">
      <Filter>源文件\light</Filter>
    </None>
    <None Include="light_fragment.glsl">
      <Filter>源文件\light</Filter>
    </None>
    <None Include="light_cube_fragment.glsl">
      <Filter>源文件\light</Filter>
    </None>
    <None Include="light_material_frag.glsl">
      <Filter>源文件\materials</Filter>
    </None>
    <None Include="diffuse_texture_frag.glsl">
      <Filter>源文件\diffuse_texture</Filter>
    </None>
    <None Include="diffuse_tex_vertex.glsl">
      <Filter>源文件\diffuse_texture</Filter>
    </None>
    <None Include="world_light_frag.glsl">
      <Filter>源文件\1.5_worldLight</Filter>
    </None>
    <None Include="world_point_light_frag.glsl">
      <Filter>源文件\1.5_worldLight</Filter>
    </None>
    <None Include="world_spot_light_frag.glsl">
      <Filter>源文件\1.5_worldLight</Filter>
    </None>
  </ItemGroup>
  <ItemGroup>
    <Image Include="container2.png">
      <Filter>源文件\diffuse_texture</Filter>
    </Image>
    <Image Include="container2_specular.png">
      <Filter>源文件\diffuse_texture</Filter>
    </Image>
  </ItemGroup>
</Project>