
Microsoft Visual Studio Solution File, Format Version 12.00
# Visual Studio 15
VisualStudioVersion = 15.0.28307.271
MinimumVisualStudioVersion = 10.0.40219.1
Project("{8BC9CEB8-8B4A-11D0-8D11-00A0C91BC942}") = "Practise", "HelloTriangle\HelloTriangle.vcxproj", "{3326168B-EF73-48EF-B8C2-21AE2A9CCD63}"
EndProject
Project("{8BC9CEB8-8B4A-11D0-8D11-00A0C91BC942}") = "IndepententEachMainFunc", "IndepententEachMainFunc\IndepententEachMainFunc.vcxproj", "{A809EA6C-DAC1-411B-9207-9EA97B88E9FC}"
EndProject
Global
	GlobalSection(SolutionConfigurationPlatforms) = preSolution
		Debug|x64 = Debug|x64
		Debug|x86 = Debug|x86
		Release|x64 = Release|x64
		Release|x86 = Release|x86
	EndGlobalSection
	GlobalSection(ProjectConfigurationPlatforms) = postSolution
		{3326168B-EF73-48EF-B8C2-21AE2A9CCD63}.Debug|x64.ActiveCfg = Debug|x64
		{3326168B-EF73-48EF-B8C2-21AE2A9CCD63}.Debug|x64.Build.0 = Debug|x64
		{3326168B-EF73-48EF-B8C2-21AE2A9CCD63}.Debug|x86.ActiveCfg = Debug|Win32
		{3326168B-EF73-48EF-B8C2-21AE2A9CCD63}.Debug|x86.Build.0 = Debug|Win32
		{3326168B-EF73-48EF-B8C2-21AE2A9CCD63}.Release|x64.ActiveCfg = Release|x64
		{3326168B-EF73-48EF-B8C2-21AE2A9CCD63}.Release|x64.Build.0 = Release|x64
		{3326168B-EF73-48EF-B8C2-21AE2A9CCD63}.Release|x86.ActiveCfg = Release|Win32
		{3326168B-EF73-48EF-B8C2-21AE2A9CCD63}.Release|x86.Build.0 = Release|Win32
		{A809EA6C-DAC1-411B-9207-9EA97B88E9FC}.Debug|x64.ActiveCfg = Debug|x64
		{A809EA6C-DAC1-411B-9207-9EA97B88E9FC}.Debug|x64.Build.0 = Debug|x64
		{A809EA6C-DAC1-411B-9207-9EA97B88E9FC}.Debug|x86.ActiveCfg = Debug|Win32
		{A809EA6C-DAC1-411B-9207-9EA97B88E9FC}.Debug|x86.Build.0 = Debug|Win32
		{A809EA6C-DAC1-411B-9207-9EA97B88E9FC}.Release|x64.ActiveCfg = Release|x64
		{A809EA6C-DAC1-411B-9207-9EA97B88E9FC}.Release|x64.Build.0 = Release|x64
		{A809EA6C-DAC1-411B-9207-9EA97B88E9FC}.Release|x86.ActiveCfg = Release|Win32
		{A809EA6C-DAC1-411B-9207-9EA97B88E9FC}.Release|x86.Build.0 = Release|Win32
	EndGlobalSection
	GlobalSection(SolutionProperties) = preSolution
		HideSolutionNode = FALSE
	EndGlobalSection
	GlobalSection(ExtensibilityGlobals) = postSolution
		SolutionGuid = {DCFB7B40-3125-4E89-A2D3-45215EECEFAA}
	EndGlobalSection
EndGlobal
